
Microsoft Visual Studio Solution File, Format Version 12.00
# Visual Studio 15
VisualStudioVersion = 15.0.28307.168
MinimumVisualStudioVersion = 10.0.40219.1
Project("{FAE04EC0-301F-11D3-BF4B-00C04F79EFBC}") = "snake", "snake\snake.csproj", "{F6B7136D-4C35-4BBF-BD2C-39FAEE0A9102}"
EndProject
Global
	GlobalSection(SolutionConfigurationPlatforms) = preSolution
		Debug|Any CPU = Debug|Any CPU
		Release|Any CPU = Release|Any CPU
	EndGlobalSection
	GlobalSection(ProjectConfigurationPlatforms) = postSolution
		{F6B7136D-4C35-4BBF-BD2C-39FAEE0A9102}.Debug|Any CPU.ActiveCfg = Debug|Any CPU
		{F6B7136D-4C35-4BBF-BD2C-39FAEE0A9102}.Debug|Any CPU.Build.0 = Debug|Any CPU
		{F6B7136D-4C35-4BBF-BD2C-39FAEE0A9102}.Release|Any CPU.ActiveCfg = Release|Any CPU
		{F6B7136D-4C35-4BBF-BD2C-39FAEE0A9102}.Release|Any CPU.Build.0 = Release|Any CPU
	EndGlobalSection
	GlobalSection(SolutionProperties) = preSolution
		HideSolutionNode = FALSE
	EndGlobalSection
	GlobalSection(ExtensibilityGlobals) = postSolution
		SolutionGuid = {6B859639-FF25-4B58-9D2E-670C5EE77340}
	EndGlobalSection
EndGlobal
